lockfileVersion: '9.0'

settings:
  autoInstallPeers: true
  excludeLinksFromLockfile: false

importers:

  .:
    devDependencies:
      marked:
        specifier: ^18.0.6
        version: 18.0.6

packages:

  marked@18.0.6:
    resolution: {integrity: sha512-MrV5puXBfuiy6wl6DLaq3BtIJQAJToAd5zt/ZKhRfGRAuFPALE7/4Y7jnxRQoEgK/pBgurGqLyAuRgZ2xOjr6w==}
    engines: {node: '>= 20'}
    hasBin: true

snapshots:

  marked@18.0.6: {}
